
Microsoft Visual Studio Solution File, Format Version 12.00
# Visual Studio Version 17
VisualStudioVersion = 17.0.31825.309
MinimumVisualStudioVersion = 10.0.40219.1
Project("{FAE04EC0-301F-11D3-BF4B-00C04F79EFBC}") = "AppMapas.UWP", "AppMapas\AppMapas.UWP\AppMapas.UWP.csproj", "{E4CE2153-028B-447D-AEF1-1F265494BDC0}"
EndProject
Project("{FAE04EC0-301F-11D3-BF4B-00C04F79EFBC}") = "AppMapas.Android", "AppMapas\AppMapas.Android\AppMapas.Android.csproj", "{3B8C5B8B-195C-46A6-9BAE-95E128C5BA64}"
EndProject
Project("{FAE04EC0-301F-11D3-BF4B-00C04F79EFBC}") = "AppMapas.iOS", "AppMapas\AppMapas.iOS\AppMapas.iOS.csproj", "{0B644AFE-2292-4662-9E1C-65F78C817811}"
EndProject
Project("{FAE04EC0-301F-11D3-BF4B-00C04F79EFBC}") = "AppMapas", "AppMapas\AppMapas\AppMapas.csproj", "{B737F6C7-19CE-4EFA-B201-A95FCEECC156}"
EndProject
Global
	GlobalSection(SolutionConfigurationPlatforms) = preSolution
		Debug|Any CPU = Debug|Any CPU
		Debug|ARM = Debug|ARM
		Debug|iPhone = Debug|iPhone
		Debug|iPhoneSimulator = Debug|iPhoneSimulator
		Debug|x64 = Debug|x64
		Debug|x86 = Debug|x86
		Release|Any CPU = Release|Any CPU
		Release|ARM = Release|ARM
		Release|iPhone = Release|iPhone
		Release|iPhoneSimulator = Release|iPhoneSimulator
		Release|x64 = Release|x64
		Release|x86 = Release|x86
	EndGlobalSection
	GlobalSection(ProjectConfigurationPlatforms) = postSolution
		{E4CE2153-028B-447D-AEF1-1F265494BDC0}.Debug|Any CPU.ActiveCfg = Debug|x64
		{E4CE2153-028B-447D-AEF1-1F265494BDC0}.Debug|Any CPU.Build.0 = Debug|x64
		{E4CE2153-028B-447D-AEF1-1F265494BDC0}.Debug|Any CPU.Deploy.0 = Debug|x64
		{E4CE2153-028B-447D-AEF1-1F265494BDC0}.Debug|ARM.ActiveCfg = Debug|ARM
		{E4CE2153-028B-447D-AEF1-1F265494BDC0}.Debug|ARM.Build.0 = Debug|ARM
		{E4CE2153-028B-447D-AEF1-1F265494BDC0}.Debug|ARM.Deploy.0 = Debug|ARM
		{E4CE2153-028B-447D-AEF1-1F265494BDC0}.Debug|iPhone.ActiveCfg = Debug|x64
		{E4CE2153-028B-447D-AEF1-1F265494BDC0}.Debug|iPhone.Build.0 = Debug|x64
		{E4CE2153-028B-447D-AEF1-1F265494BDC0}.Debug|iPhone.Deploy.0 = Debug|x64
		{E4CE2153-028B-447D-AEF1-1F265494BDC0}.Debug|iPhoneSimulator.ActiveCfg = Debug|x64
		{E4CE2153-028B-447D-AEF1-1F265494BDC0}.Debug|iPhoneSimulator.Build.0 = Debug|x64
		{E4CE2153-028B-447D-AEF1-1F265494BDC0}.Debug|iPhoneSimulator.Deploy.0 = Debug|x64
		{E4CE2153-028B-447D-AEF1-1F265494BDC0}.Debug|x64.ActiveCfg = Debug|x64
		{E4CE2153-028B-447D-AEF1-1F265494BDC0}.Debug|x64.Build.0 = Debug|x64
		{E4CE2153-028B-447D-AEF1-1F265494BDC0}.Debug|x64.Deploy.0 = Debug|x64
		{E4CE2153-028B-447D-AEF1-1F265494BDC0}.Debug|x86.ActiveCfg = Debug|x86
		{E4CE2153-028B-447D-AEF1-1F265494BDC0}.Debug|x86.Build.0 = Debug|x86
		{E4CE2153-028B-447D-AEF1-1F265494BDC0}.Debug|x86.Deploy.0 = Debug|x86
		{E4CE2153-028B-447D-AEF1-1F265494BDC0}.Release|Any CPU.ActiveCfg = Release|x64
		{E4CE2153-028B-447D-AEF1-1F265494BDC0}.Release|Any CPU.Build.0 = Release|x64
		{E4CE2153-028B-447D-AEF1-1F265494BDC0}.Release|Any CPU.Deploy.0 = Release|x64
		{E4CE2153-028B-447D-AEF1-1F265494BDC0}.Release|ARM.ActiveCfg = Release|ARM
		{E4CE2153-028B-447D-AEF1-1F265494BDC0}.Release|ARM.Build.0 = Release|ARM
		{E4CE2153-028B-447D-AEF1-1F265494BDC0}.Release|ARM.Deploy.0 = Release|ARM
		{E4CE2153-028B-447D-AEF1-1F265494BDC0}.Release|iPhone.ActiveCfg = Release|x64
		{E4CE2153-028B-447D-AEF1-1F265494BDC0}.Release|iPhone.Build.0 = Release|x64
		{E4CE2153-028B-447D-AEF1-1F265494BDC0}.Release|iPhone.Deploy.0 = Release|x64
		{E4CE2153-028B-447D-AEF1-1F265494BDC0}.Release|iPhoneSimulator.ActiveCfg = Release|x64
		{E4CE2153-028B-447D-AEF1-1F265494BDC0}.Release|iPhoneSimulator.Build.0 = Release|x64
		{E4CE2153-028B-447D-AEF1-1F265494BDC0}.Release|iPhoneSimulator.Deploy.0 = Release|x64
		{E4CE2153-028B-447D-AEF1-1F265494BDC0}.Release|x64.ActiveCfg = Release|x64
		{E4CE2153-028B-447D-AEF1-1F265494BDC0}.Release|x64.Build.0 = Release|x64
		{E4CE2153-028B-447D-AEF1-1F265494BDC0}.Release|x64.Deploy.0 = Release|x64
		{E4CE2153-028B-447D-AEF1-1F265494BDC0}.Release|x86.ActiveCfg = Release|x86
		{E4CE2153-028B-447D-AEF1-1F265494BDC0}.Release|x86.Build.0 = Release|x86
		{E4CE2153-028B-447D-AEF1-1F265494BDC0}.Release|x86.Deploy.0 = Release|x86
		{3B8C5B8B-195C-46A6-9BAE-95E128C5BA64}.Debug|Any CPU.ActiveCfg = Debug|Any CPU
		{3B8C5B8B-195C-46A6-9BAE-95E128C5BA64}.Debug|Any CPU.Build.0 = Debug|Any CPU
		{3B8C5B8B-195C-46A6-9BAE-95E128C5BA64}.Debug|Any CPU.Deploy.0 = Debug|Any CPU
		{3B8C5B8B-195C-46A6-9BAE-95E128C5BA64}.Debug|ARM.ActiveCfg = Debug|Any CPU
		{3B8C5B8B-195C-46A6-9BAE-95E128C5BA64}.Debug|ARM.Build.0 = Debug|Any CPU
		{3B8C5B8B-195C-46A6-9BAE-95E128C5BA64}.Debug|ARM.Deploy.0 = Debug|Any CPU
		{3B8C5B8B-195C-46A6-9BAE-95E128C5BA64}.Debug|iPhone.ActiveCfg = Debug|Any CPU
		{3B8C5B8B-195C-46A6-9BAE-95E128C5BA64}.Debug|iPhone.Build.0 = Debug|Any CPU
		{3B8C5B8B-195C-46A6-9BAE-95E128C5BA64}.Debug|iPhone.Deploy.0 = Debug|Any CPU
		{3B8C5B8B-195C-46A6-9BAE-95E128C5BA64}.Debug|iPhoneSimulator.ActiveCfg = Debug|Any CPU
		{3B8C5B8B-195C-46A6-9BAE-95E128C5BA64}.Debug|iPhoneSimulator.Build.0 = Debug|Any CPU
		{3B8C5B8B-195C-46A6-9BAE-95E128C5BA64}.Debug|iPhoneSimulator.Deploy.0 = Debug|Any CPU
		{3B8C5B8B-195C-46A6-9BAE-95E128C5BA64}.Debug|x64.ActiveCfg = Debug|Any CPU
		{3B8C5B8B-195C-46A6-9BAE-95E128C5BA64}.Debug|x64.Build.0 = Debug|Any CPU
		{3B8C5B8B-195C-46A6-9BAE-95E128C5BA64}.Debug|x64.Deploy.0 = Debug|Any CPU
		{3B8C5B8B-195C-46A6-9BAE-95E128C5BA64}.Debug|x86.ActiveCfg = Debug|Any CPU
		{3B8C5B8B-195C-46A6-9BAE-95E128C5BA64}.Debug|x86.Build.0 = Debug|Any CPU
		{3B8C5B8B-195C-46A6-9BAE-95E128C5BA64}.Debug|x86.Deploy.0 = Debug|Any CPU
		{3B8C5B8B-195C-46A6-9BAE-95E128C5BA64}.Release|Any CPU.ActiveCfg = Release|Any CPU
		{3B8C5B8B-195C-46A6-9BAE-95E128C5BA64}.Release|Any CPU.Build.0 = Release|Any CPU
		{3B8C5B8B-195C-46A6-9BAE-95E128C5BA64}.Release|Any CPU.Deploy.0 = Release|Any CPU
		{3B8C5B8B-195C-46A6-9BAE-95E128C5BA64}.Release|ARM.ActiveCfg = Release|Any CPU
		{3B8C5B8B-195C-46A6-9BAE-95E128C5BA64}.Release|ARM.Build.0 = Release|Any CPU
		{3B8C5B8B-195C-46A6-9BAE-95E128C5BA64}.Release|ARM.Deploy.0 = Release|Any CPU
		{3B8C5B8B-195C-46A6-9BAE-95E128C5BA64}.Release|iPhone.ActiveCfg = Release|Any CPU
		{3B8C5B8B-195C-46A6-9BAE-95E128C5BA64}.Release|iPhone.Build.0 = Release|Any CPU
		{3B8C5B8B-195C-46A6-9BAE-95E128C5BA64}.Release|iPhone.Deploy.0 = Release|Any CPU
		{3B8C5B8B-195C-46A6-9BAE-95E128C5BA64}.Release|iPhoneSimulator.ActiveCfg = Release|Any CPU
		{3B8C5B8B-195C-46A6-9BAE-95E128C5BA64}.Release|iPhoneSimulator.Build.0 = Release|Any CPU
		{3B8C5B8B-195C-46A6-9BAE-95E128C5BA64}.Release|iPhoneSimulator.Deploy.0 = Release|Any CPU
		{3B8C5B8B-195C-46A6-9BAE-95E128C5BA64}.Release|x64.ActiveCfg = Release|Any CPU
		{3B8C5B8B-195C-46A6-9BAE-95E128C5BA64}.Release|x64.Build.0 = Release|Any CPU
		{3B8C5B8B-195C-46A6-9BAE-95E128C5BA64}.Release|x64.Deploy.0 = Release|Any CPU
		{3B8C5B8B-195C-46A6-9BAE-95E128C5BA64}.Release|x86.ActiveCfg = Release|Any CPU
		{3B8C5B8B-195C-46A6-9BAE-95E128C5BA64}.Release|x86.Build.0 = Release|Any CPU
		{3B8C5B8B-195C-46A6-9BAE-95E128C5BA64}.Release|x86.Deploy.0 = Release|Any CPU
		{0B644AFE-2292-4662-9E1C-65F78C817811}.Debug|Any CPU.ActiveCfg = Debug|iPhoneSimulator
		{0B644AFE-2292-4662-9E1C-65F78C817811}.Debug|Any CPU.Build.0 = Debug|iPhoneSimulator
		{0B644AFE-2292-4662-9E1C-65F78C817811}.Debug|Any CPU.Deploy.0 = Debug|iPhoneSimulator
		{0B644AFE-2292-4662-9E1C-65F78C817811}.Debug|ARM.ActiveCfg = Debug|iPhoneSimulator
		{0B644AFE-2292-4662-9E1C-65F78C817811}.Debug|ARM.Build.0 = Debug|iPhoneSimulator
		{0B644AFE-2292-4662-9E1C-65F78C817811}.Debug|ARM.Deploy.0 = Debug|iPhoneSimulator
		{0B644AFE-2292-4662-9E1C-65F78C817811}.Debug|iPhone.ActiveCfg = Debug|iPhone
		{0B644AFE-2292-4662-9E1C-65F78C817811}.Debug|iPhone.Build.0 = Debug|iPhone
		{0B644AFE-2292-4662-9E1C-65F78C817811}.Debug|iPhone.Deploy.0 = Debug|iPhone
		{0B644AFE-2292-4662-9E1C-65F78C817811}.Debug|iPhoneSimulator.ActiveCfg = Debug|iPhoneSimulator
		{0B644AFE-2292-4662-9E1C-65F78C817811}.Debug|iPhoneSimulator.Build.0 = Debug|iPhoneSimulator
		{0B644AFE-2292-4662-9E1C-65F78C817811}.Debug|iPhoneSimulator.Deploy.0 = Debug|iPhoneSimulator
		{0B644AFE-2292-4662-9E1C-65F78C817811}.Debug|x64.ActiveCfg = Debug|iPhone
		{0B644AFE-2292-4662-9E1C-65F78C817811}.Debug|x64.Build.0 = Debug|iPhone
		{0B644AFE-2292-4662-9E1C-65F78C817811}.Debug|x64.Deploy.0 = Debug|iPhone
		{0B644AFE-2292-4662-9E1C-65F78C817811}.Debug|x86.ActiveCfg = Debug|iPhoneSimulator
		{0B644AFE-2292-4662-9E1C-65F78C817811}.Debug|x86.Build.0 = Debug|iPhoneSimulator
		{0B644AFE-2292-4662-9E1C-65F78C817811}.Debug|x86.Deploy.0 = Debug|iPhoneSimulator
		{0B644AFE-2292-4662-9E1C-65F78C817811}.Release|Any CPU.ActiveCfg = Release|iPhoneSimulator
		{0B644AFE-2292-4662-9E1C-65F78C817811}.Release|Any CPU.Build.0 = Release|iPhoneSimulator
		{0B644AFE-2292-4662-9E1C-65F78C817811}.Release|Any CPU.Deploy.0 = Release|iPhoneSimulator
		{0B644AFE-2292-4662-9E1C-65F78C817811}.Release|ARM.ActiveCfg = Release|iPhoneSimulator
		{0B644AFE-2292-4662-9E1C-65F78C817811}.Release|ARM.Build.0 = Release|iPhoneSimulator
		{0B644AFE-2292-4662-9E1C-65F78C817811}.Release|ARM.Deploy.0 = Release|iPhoneSimulator
		{0B644AFE-2292-4662-9E1C-65F78C817811}.Release|iPhone.ActiveCfg = Release|iPhone
		{0B644AFE-2292-4662-9E1C-65F78C817811}.Release|iPhone.Build.0 = Release|iPhone
		{0B644AFE-2292-4662-9E1C-65F78C817811}.Release|iPhone.Deploy.0 = Release|iPhone
		{0B644AFE-2292-4662-9E1C-65F78C817811}.Release|iPhoneSimulator.ActiveCfg = Release|iPhoneSimulator
		{0B644AFE-2292-4662-9E1C-65F78C817811}.Release|iPhoneSimulator.Build.0 = Release|iPhoneSimulator
		{0B644AFE-2292-4662-9E1C-65F78C817811}.Release|iPhoneSimulator.Deploy.0 = Release|iPhoneSimulator
		{0B644AFE-2292-4662-9E1C-65F78C817811}.Release|x64.ActiveCfg = Release|iPhoneSimulator
		{0B644AFE-2292-4662-9E1C-65F78C817811}.Release|x64.Build.0 = Release|iPhoneSimulator
		{0B644AFE-2292-4662-9E1C-65F78C817811}.Release|x64.Deploy.0 = Release|iPhoneSimulator
		{0B644AFE-2292-4662-9E1C-65F78C817811}.Release|x86.ActiveCfg = Release|iPhoneSimulator
		{0B644AFE-2292-4662-9E1C-65F78C817811}.Release|x86.Build.0 = Release|iPhoneSimulator
		{0B644AFE-2292-4662-9E1C-65F78C817811}.Release|x86.Deploy.0 = Release|iPhoneSimulator
		{B737F6C7-19CE-4EFA-B201-A95FCEECC156}.Debug|Any CPU.ActiveCfg = Debug|Any CPU
		{B737F6C7-19CE-4EFA-B201-A95FCEECC156}.Debug|Any CPU.Build.0 = Debug|Any CPU
		{B737F6C7-19CE-4EFA-B201-A95FCEECC156}.Debug|Any CPU.Deploy.0 = Debug|Any CPU
		{B737F6C7-19CE-4EFA-B201-A95FCEECC156}.Debug|ARM.ActiveCfg = Debug|Any CPU
		{B737F6C7-19CE-4EFA-B201-A95FCEECC156}.Debug|ARM.Build.0 = Debug|Any CPU
		{B737F6C7-19CE-4EFA-B201-A95FCEECC156}.Debug|ARM.Deploy.0 = Debug|Any CPU
		{B737F6C7-19CE-4EFA-B201-A95FCEECC156}.Debug|iPhone.ActiveCfg = Debug|Any CPU
		{B737F6C7-19CE-4EFA-B201-A95FCEECC156}.Debug|iPhone.Build.0 = Debug|Any CPU
		{B737F6C7-19CE-4EFA-B201-A95FCEECC156}.Debug|iPhone.Deploy.0 = Debug|Any CPU
		{B737F6C7-19CE-4EFA-B201-A95FCEECC156}.Debug|iPhoneSimulator.ActiveCfg = Debug|Any CPU
		{B737F6C7-19CE-4EFA-B201-A95FCEECC156}.Debug|iPhoneSimulator.Build.0 = Debug|Any CPU
		{B737F6C7-19CE-4EFA-B201-A95FCEECC156}.Debug|iPhoneSimulator.Deploy.0 = Debug|Any CPU
		{B737F6C7-19CE-4EFA-B201-A95FCEECC156}.Debug|x64.ActiveCfg = Debug|Any CPU
		{B737F6C7-19CE-4EFA-B201-A95FCEECC156}.Debug|x64.Build.0 = Debug|Any CPU
		{B737F6C7-19CE-4EFA-B201-A95FCEECC156}.Debug|x64.Deploy.0 = Debug|Any CPU
		{B737F6C7-19CE-4EFA-B201-A95FCEECC156}.Debug|x86.ActiveCfg = Debug|Any CPU
		{B737F6C7-19CE-4EFA-B201-A95FCEECC156}.Debug|x86.Build.0 = Debug|Any CPU
		{B737F6C7-19CE-4EFA-B201-A95FCEECC156}.Debug|x86.Deploy.0 = Debug|Any CPU
		{B737F6C7-19CE-4EFA-B201-A95FCEECC156}.Release|Any CPU.ActiveCfg = Release|Any CPU
		{B737F6C7-19CE-4EFA-B201-A95FCEECC156}.Release|Any CPU.Build.0 = Release|Any CPU
		{B737F6C7-19CE-4EFA-B201-A95FCEECC156}.Release|Any CPU.Deploy.0 = Release|Any CPU
		{B737F6C7-19CE-4EFA-B201-A95FCEECC156}.Release|ARM.ActiveCfg = Release|Any CPU
		{B737F6C7-19CE-4EFA-B201-A95FCEECC156}.Release|ARM.Build.0 = Release|Any CPU
		{B737F6C7-19CE-4EFA-B201-A95FCEECC156}.Release|ARM.Deploy.0 = Release|Any CPU
		{B737F6C7-19CE-4EFA-B201-A95FCEECC156}.Release|iPhone.ActiveCfg = Release|Any CPU
		{B737F6C7-19CE-4EFA-B201-A95FCEECC156}.Release|iPhone.Build.0 = Release|Any CPU
		{B737F6C7-19CE-4EFA-B201-A95FCEECC156}.Release|iPhone.Deploy.0 = Release|Any CPU
		{B737F6C7-19CE-4EFA-B201-A95FCEECC156}.Release|iPhoneSimulator.ActiveCfg = Release|Any CPU
		{B737F6C7-19CE-4EFA-B201-A95FCEECC156}.Release|iPhoneSimulator.Build.0 = Release|Any CPU
		{B737F6C7-19CE-4EFA-B201-A95FCEECC156}.Release|iPhoneSimulator.Deploy.0 = Release|Any CPU
		{B737F6C7-19CE-4EFA-B201-A95FCEECC156}.Release|x64.ActiveCfg = Release|Any CPU
		{B737F6C7-19CE-4EFA-B201-A95FCEECC156}.Release|x64.Build.0 = Release|Any CPU
		{B737F6C7-19CE-4EFA-B201-A95FCEECC156}.Release|x64.Deploy.0 = Release|Any CPU
		{B737F6C7-19CE-4EFA-B201-A95FCEECC156}.Release|x86.ActiveCfg = Release|Any CPU
		{B737F6C7-19CE-4EFA-B201-A95FCEECC156}.Release|x86.Build.0 = Release|Any CPU
		{B737F6C7-19CE-4EFA-B201-A95FCEECC156}.Release|x86.Deploy.0 = Release|Any CPU
	EndGlobalSection
	GlobalSection(SolutionProperties) = preSolution
		HideSolutionNode = FALSE
	EndGlobalSection
	GlobalSection(ExtensibilityGlobals) = postSolution
		SolutionGuid = {411CC679-0DFC-457E-AB37-C31F26AA08B7}
	EndGlobalSection
EndGlobal
